
Microsoft Visual Studio Solution File, Format Version 11.00
# Visual Studio 2010
Project("{FAE04EC0-301F-11D3-BF4B-00C04F79EFBC}") = "TestDotNet.Quotes.Tests", "TestDotNet.Quotes.Tests\TestDotNet.Quotes.Tests.csproj", "{953C1BC7-B1E0-488A-A0B9-9146EC4D6F8E}"
EndProject
Project("{FAE04EC0-301F-11D3-BF4B-00C04F79EFBC}") = "TestDotNet.Quotes.UI", "TestDotNet.Quotes.UI\TestDotNet.Quotes.UI.csproj", "{13C59106-F43A-4F0B-B1E2-48DFC2722D44}"
EndProject
Global
	GlobalSection(SolutionConfigurationPlatforms) = preSolution
		Debug|Any CPU = Debug|Any CPU
		Debug|Mixed Platforms = Debug|Mixed Platforms
		Debug|x86 = Debug|x86
		Release|Any CPU = Release|Any CPU
		Release|Mixed Platforms = Release|Mixed Platforms
		Release|x86 = Release|x86
	EndGlobalSection
	GlobalSection(ProjectConfigurationPlatforms) = postSolution
		{953C1BC7-B1E0-488A-A0B9-9146EC4D6F8E}.Debug|Any CPU.ActiveCfg = Debug|Any CPU
		{953C1BC7-B1E0-488A-A0B9-9146EC4D6F8E}.Debug|Any CPU.Build.0 = Debug|Any CPU
		{953C1BC7-B1E0-488A-A0B9-9146EC4D6F8E}.Debug|Mixed Platforms.ActiveCfg = Debug|Any CPU
		{953C1BC7-B1E0-488A-A0B9-9146EC4D6F8E}.Debug|Mixed Platforms.Build.0 = Debug|Any CPU
		{953C1BC7-B1E0-488A-A0B9-9146EC4D6F8E}.Debug|x86.ActiveCfg = Debug|Any CPU
		{953C1BC7-B1E0-488A-A0B9-9146EC4D6F8E}.Release|Any CPU.ActiveCfg = Release|Any CPU
		{953C1BC7-B1E0-488A-A0B9-9146EC4D6F8E}.Release|Any CPU.Build.0 = Release|Any CPU
		{953C1BC7-B1E0-488A-A0B9-9146EC4D6F8E}.Release|Mixed Platforms.ActiveCfg = Release|Any CPU
		{953C1BC7-B1E0-488A-A0B9-9146EC4D6F8E}.Release|Mixed Platforms.Build.0 = Release|Any CPU
		{953C1BC7-B1E0-488A-A0B9-9146EC4D6F8E}.Release|x86.ActiveCfg = Release|Any CPU
		{13C59106-F43A-4F0B-B1E2-48DFC2722D44}.Debug|Any CPU.ActiveCfg = Debug|x86
		{13C59106-F43A-4F0B-B1E2-48DFC2722D44}.Debug|Mixed Platforms.ActiveCfg = Debug|x86
		{13C59106-F43A-4F0B-B1E2-48DFC2722D44}.Debug|Mixed Platforms.Build.0 = Debug|x86
		{13C59106-F43A-4F0B-B1E2-48DFC2722D44}.Debug|x86.ActiveCfg = Debug|x86
		{13C59106-F43A-4F0B-B1E2-48DFC2722D44}.Debug|x86.Build.0 = Debug|x86
		{13C59106-F43A-4F0B-B1E2-48DFC2722D44}.Release|Any CPU.ActiveCfg = Release|x86
		{13C59106-F43A-4F0B-B1E2-48DFC2722D44}.Release|Mixed Platforms.ActiveCfg = Release|x86
		{13C59106-F43A-4F0B-B1E2-48DFC2722D44}.Release|Mixed Platforms.Build.0 = Release|x86
		{13C59106-F43A-4F0B-B1E2-48DFC2722D44}.Release|x86.ActiveCfg = Release|x86
		{13C59106-F43A-4F0B-B1E2-48DFC2722D44}.Release|x86.Build.0 = Release|x86
	EndGlobalSection
	GlobalSection(SolutionProperties) = preSolution
		HideSolutionNode = FALSE
	EndGlobalSection
EndGlobal
